# THIS IS AN AUTOGENERATED FILE. DO NOT EDIT THIS FILE DIRECTLY.
# yarn lockfile v1


angularx-social-login@^3.5.4:
  version "3.5.4"
  resolved "https://registry.yarnpkg.com/angularx-social-login/-/angularx-social-login-3.5.4.tgz#ff0e6527a361cfa2741d9e36cdd3890311d91e9f"
  integrity sha512-qS5Tr7hE/QyonhI/71ED5+AVYcxuJTKQMN/L+927WN9c21Us7I6X0HUyyloPrQwhfcuybDpnlBCarv5kHw6XPA==
  dependencies:
    tslib "^2.0.0"

tslib@^2.0.0:
  version "2.1.0"
  resolved "https://registry.yarnpkg.com/tslib/-/tslib-2.1.0.tgz#da60860f1c2ecaa5703ab7d39bc05b6bf988b97a"
  integrity sha512-hcVC3wYEziELGGmEEXue7D75zbwIIVUMWAVbHItGPx0ziyXxrOMQx4rQEVEV45Ut/1IotuEvwqPopzIOkDMf0A==
